
Microsoft Visual Studio Solution File, Format Version 12.00
# Visual Studio Version 17
VisualStudioVersion = 17.0.31912.275
MinimumVisualStudioVersion = 10.0.40219.1
Project("{FAE04EC0-301F-11D3-BF4B-00C04F79EFBC}") = "dza", "dza\dza.csproj", "{1E935D8C-CBE3-4463-B543-D74AD3F407F6}"
EndProject
Global
	GlobalSection(SolutionConfigurationPlatforms) = preSolution
		Debug|Any CPU = Debug|Any CPU
		Release|Any CPU = Release|Any CPU
	EndGlobalSection
	GlobalSection(ProjectConfigurationPlatforms) = postSolution
		{1E935D8C-CBE3-4463-B543-D74AD3F407F6}.Debug|Any CPU.ActiveCfg = Debug|Any CPU
		{1E935D8C-CBE3-4463-B543-D74AD3F407F6}.Debug|Any CPU.Build.0 = Debug|Any CPU
		{1E935D8C-CBE3-4463-B543-D74AD3F407F6}.Release|Any CPU.ActiveCfg = Release|Any CPU
		{1E935D8C-CBE3-4463-B543-D74AD3F407F6}.Release|Any CPU.Build.0 = Release|Any CPU
	EndGlobalSection
	GlobalSection(SolutionProperties) = preSolution
		HideSolutionNode = FALSE
	EndGlobalSection
	GlobalSection(ExtensibilityGlobals) = postSolution
		SolutionGuid = {4BEA2A47-804C-423F-A7CC-F95EF2693275}
	EndGlobalSection
EndGlobal
